
Microsoft Visual Studio Solution File, Format Version 12.00
# Visual Studio 15
Project("{FAE04EC0-301F-11D3-BF4B-00C04F79EFBC}") = "Assembly-CSharp", "Assembly-CSharp.csproj", "{220C711A-2068-6949-5ACB-826088846476}"
EndProject
Project("{FAE04EC0-301F-11D3-BF4B-00C04F79EFBC}") = "Assembly-CSharp-firstpass", "Assembly-CSharp-firstpass.csproj", "{043633A0-F339-8319-FB6B-826911BE834F}"
EndProject
Global
	GlobalSection(SolutionConfigurationPlatforms) = preSolution
		Debug|Any CPU = Debug|Any CPU
		Release|Any CPU = Release|Any CPU
	EndGlobalSection
	GlobalSection(ProjectConfigurationPlatforms) = postSolution
		{220C711A-2068-6949-5ACB-826088846476}.Debug|Any CPU.ActiveCfg = Debug|Any CPU
		{220C711A-2068-6949-5ACB-826088846476}.Debug|Any CPU.Build.0 = Debug|Any CPU
		{220C711A-2068-6949-5ACB-826088846476}.Release|Any CPU.ActiveCfg = Release|Any CPU
		{220C711A-2068-6949-5ACB-826088846476}.Release|Any CPU.Build.0 = Release|Any CPU
		{043633A0-F339-8319-FB6B-826911BE834F}.Debug|Any CPU.ActiveCfg = Debug|Any CPU
		{043633A0-F339-8319-FB6B-826911BE834F}.Debug|Any CPU.Build.0 = Debug|Any CPU
		{043633A0-F339-8319-FB6B-826911BE834F}.Release|Any CPU.ActiveCfg = Release|Any CPU
		{043633A0-F339-8319-FB6B-826911BE834F}.Release|Any CPU.Build.0 = Release|Any CPU
	EndGlobalSection
	GlobalSection(SolutionProperties) = preSolution
		HideSolutionNode = FALSE
	EndGlobalSection
EndGlobal
